
Microsoft Visual Studio Solution File, Format Version 12.00
# Visual Studio Version 17
VisualStudioVersion = 17.11.35303.130
MinimumVisualStudioVersion = 10.0.40219.1
Project("{2150E333-8FDC-42A3-9474-1A3956D46DE8}") = "Task0", "Task0", "{97877F99-A969-4621-A824-202F100A195D}"
EndProject
Project("{9A19103F-16F7-4668-BE54-9A1E7A4F7556}") = "Tyuiu.BondarevTK.Sprint1.Task0.V20.Test", "Tyuiu.BondarevTK.Sprint1.Task0.V20.Test\Tyuiu.BondarevTK.Sprint1.Task0.V20.Test.csproj", "{A281F4D8-05D3-4F5D-85F1-7D1539659CD3}"
EndProject
Project("{9A19103F-16F7-4668-BE54-9A1E7A4F7556}") = "Tyuiu.BondarevTK.Sprint1.Task0.V20", "Tyuiu.BondarevTK.Sprint1.Task0.V20\Tyuiu.BondarevTK.Sprint1.Task0.V20.csproj", "{B618B5B1-8FFD-4594-95FA-407B591809EB}"
EndProject
Project("{FAE04EC0-301F-11D3-BF4B-00C04F79EFBC}") = "Tyuiu.BondarevTK.Sprint1.Task0.V20.Lib", "Tyuiu.BondarevTK.Sprint1.Task0.V20.Lib\Tyuiu.BondarevTK.Sprint1.Task0.V20.Lib.csproj", "{EA161F9B-C1AD-4AC5-B838-66B4B6FF2D59}"
EndProject
Global
	GlobalSection(SolutionConfigurationPlatforms) = preSolution
		Debug|Any CPU = Debug|Any CPU
		Release|Any CPU = Release|Any CPU
	EndGlobalSection
	GlobalSection(ProjectConfigurationPlatforms) = postSolution
		{A281F4D8-05D3-4F5D-85F1-7D1539659CD3}.Debug|Any CPU.ActiveCfg = Debug|Any CPU
		{A281F4D8-05D3-4F5D-85F1-7D1539659CD3}.Debug|Any CPU.Build.0 = Debug|Any CPU
		{A281F4D8-05D3-4F5D-85F1-7D1539659CD3}.Release|Any CPU.ActiveCfg = Release|Any CPU
		{A281F4D8-05D3-4F5D-85F1-7D1539659CD3}.Release|Any CPU.Build.0 = Release|Any CPU
		{B618B5B1-8FFD-4594-95FA-407B591809EB}.Debug|Any CPU.ActiveCfg = Debug|Any CPU
		{B618B5B1-8FFD-4594-95FA-407B591809EB}.Debug|Any CPU.Build.0 = Debug|Any CPU
		{B618B5B1-8FFD-4594-95FA-407B591809EB}.Release|Any CPU.ActiveCfg = Release|Any CPU
		{B618B5B1-8FFD-4594-95FA-407B591809EB}.Release|Any CPU.Build.0 = Release|Any CPU
		{EA161F9B-C1AD-4AC5-B838-66B4B6FF2D59}.Debug|Any CPU.ActiveCfg = Debug|Any CPU
		{EA161F9B-C1AD-4AC5-B838-66B4B6FF2D59}.Debug|Any CPU.Build.0 = Debug|Any CPU
		{EA161F9B-C1AD-4AC5-B838-66B4B6FF2D59}.Release|Any CPU.ActiveCfg = Release|Any CPU
		{EA161F9B-C1AD-4AC5-B838-66B4B6FF2D59}.Release|Any CPU.Build.0 = Release|Any CPU
	EndGlobalSection
	GlobalSection(SolutionProperties) = preSolution
		HideSolutionNode = FALSE
	EndGlobalSection
	GlobalSection(NestedProjects) = preSolution
		{A281F4D8-05D3-4F5D-85F1-7D1539659CD3} = {97877F99-A969-4621-A824-202F100A195D}
		{B618B5B1-8FFD-4594-95FA-407B591809EB} = {97877F99-A969-4621-A824-202F100A195D}
		{EA161F9B-C1AD-4AC5-B838-66B4B6FF2D59} = {97877F99-A969-4621-A824-202F100A195D}
	EndGlobalSection
	GlobalSection(ExtensibilityGlobals) = postSolution
		SolutionGuid = {BD894D93-FEC9-413B-9099-E283914227F0}
	EndGlobalSection
EndGlobal
