
Microsoft Visual Studio Solution File, Format Version 12.00
# Visual Studio Version 17
VisualStudioVersion = 17.11.35303.130
MinimumVisualStudioVersion = 10.0.40219.1
Project("{2150E333-8FDC-42A3-9474-1A3956D46DE8}") = "Task0", "Task0", "{97877F99-A969-4621-A824-202F100A195D}"
EndProject
Project("{9A19103F-16F7-4668-BE54-9A1E7A4F7556}") = "Tyuiu.BondarevTK.Sprint1.Task0.V20.Test", "Tyuiu.BondarevTK.Sprint1.Task0.V20.Test\Tyuiu.BondarevTK.Sprint1.Task0.V20.Test.csproj", "{A281F4D8-05D3-4F5D-85F1-7D1539659CD3}"
EndProject
Project("{9A19103F-16F7-4668-BE54-9A1E7A4F7556}") = "Tyuiu.BondarevTK.Sprint1.Task0.V20", "Tyuiu.BondarevTK.Sprint1.Task0.V20\Tyuiu.BondarevTK.Sprint1.Task0.V20.csproj", "{B618B5B1-8FFD-4594-95FA-407B591809EB}"
EndProject
Project("{9A19103F-16F7-4668-BE54-9A1E7A4F7556}") = "Tyuiu.BondarevTK.Sprint1.Task0.V20.Lib", "Tyuiu.BondarevTK.Sprint1.Task0.V20.Lib\Tyuiu.BondarevTK.Sprint1.Task0.V20.Lib.csproj", "{EA161F9B-C1AD-4AC5-B838-66B4B6FF2D59}"
EndProject
Project("{2150E333-8FDC-42A3-9474-1A3956D46DE8}") = "Task1", "Task1", "{A78C2AF7-A63B-4CE1-8F69-B410DD77B8C4}"
EndProject
Project("{9A19103F-16F7-4668-BE54-9A1E7A4F7556}") = "Tyuiu.BondarevTK.Sprint1.Task1.V30", "Tyuiu.BondarevTK.Sprint1.Task1.V30\Tyuiu.BondarevTK.Sprint1.Task1.V30.csproj", "{2F100B62-35DD-444C-A77A-7D9CB25F47FA}"
EndProject
Project("{9A19103F-16F7-4668-BE54-9A1E7A4F7556}") = "Tyuiu.BondarevTK.Sprint1.Task1.V30.Lib", "Tyuiu.BondarevTK.Sprint1.Task1.V30.Lib\Tyuiu.BondarevTK.Sprint1.Task1.V30.Lib.csproj", "{6AB57128-10F5-4D05-98DC-23CAE3DA4311}"
EndProject
Project("{9A19103F-16F7-4668-BE54-9A1E7A4F7556}") = "Tyuiu.BondarevTK.Sprint1.Task1.V30.Test", "Tyuiu.BondarevTK.Sprint1.Task1.V30.Test\Tyuiu.BondarevTK.Sprint1.Task1.V30.Test.csproj", "{225E3904-BAD9-47A7-9B2E-B7DDE839FD72}"
EndProject
Project("{2150E333-8FDC-42A3-9474-1A3956D46DE8}") = "Task2", "Task2", "{C445C184-AE58-4858-8C1C-BF5CC86FA23C}"
EndProject
Project("{9A19103F-16F7-4668-BE54-9A1E7A4F7556}") = "Tyuiu.BondarevTK.Sprint1.Task2.V5", "Tyuiu.BondarevTK.Sprint1.Task2.V5\Tyuiu.BondarevTK.Sprint1.Task2.V5.csproj", "{88C59B11-FFC9-403D-879E-0C8A167E1D74}"
EndProject
Project("{9A19103F-16F7-4668-BE54-9A1E7A4F7556}") = "Tyuiu.BondarevTK.Sprint1.Task2.V5.Test", "Tyuiu.BondarevTK.Sprint1.Task2.V5.Test\Tyuiu.BondarevTK.Sprint1.Task2.V5.Test.csproj", "{484A5E57-ABD1-47E2-A45D-3365421C00BE}"
EndProject
Project("{9A19103F-16F7-4668-BE54-9A1E7A4F7556}") = "Tyuiu.BondarevTK.Sprint1.Task2.V5.Lib", "Tyuiu.BondarevTK.Sprint1.Task2.V5.Lib\Tyuiu.BondarevTK.Sprint1.Task2.V5.Lib.csproj", "{D54C17F7-09C7-4654-8BA5-042190CD4EDB}"
EndProject
Project("{2150E333-8FDC-42A3-9474-1A3956D46DE8}") = "Task3", "Task3", "{AC93B86C-45BF-4FE6-A84F-8EB176CDC0AD}"
EndProject
Project("{9A19103F-16F7-4668-BE54-9A1E7A4F7556}") = "Tyuiu.BondarevTK.Sprint1.Task3.V3.Lib", "Tyuiu.BondarevTK.Sprint1.Task3.V3.Lib\Tyuiu.BondarevTK.Sprint1.Task3.V3.Lib.csproj", "{5047CB60-8406-40A3-B980-D5A0462F427E}"
EndProject
Project("{9A19103F-16F7-4668-BE54-9A1E7A4F7556}") = "Tyuiu.BondarevTK.Sprint1.Task3.V3.Test", "Tyuiu.BondarevTK.Sprint1.Task3.V3.Test\Tyuiu.BondarevTK.Sprint1.Task3.V3.Test.csproj", "{92B0BD75-2AD1-42EA-B75B-156F41255073}"
EndProject
Project("{9A19103F-16F7-4668-BE54-9A1E7A4F7556}") = "Tyuiu.BondarevTK.Sprint1.Task3.V3", "Tyuiu.BondarevTK.Sprint1.Task3.V3\Tyuiu.BondarevTK.Sprint1.Task3.V3.csproj", "{F724E360-6CB7-433B-A89F-C6AFA0EE50F2}"
EndProject
Project("{2150E333-8FDC-42A3-9474-1A3956D46DE8}") = "Task4", "Task4", "{D3993683-C6F2-4B69-A4BA-7987EEE6E6C9}"
EndProject
Project("{9A19103F-16F7-4668-BE54-9A1E7A4F7556}") = "Tyuiu.BondarevTK.Sprint1.Task4.V3", "Tyuiu.BondarevTK.Sprint1.Task4.V3\Tyuiu.BondarevTK.Sprint1.Task4.V3.csproj", "{8BF58BCF-0DB4-4CEE-A734-9BA3F5E33991}"
EndProject
Project("{9A19103F-16F7-4668-BE54-9A1E7A4F7556}") = "Tyuiu.BondarevTK.Sprint1.Task4.V3.Test", "Tyuiu.BondarevTK.Sprint1.Task4.V3.Test\Tyuiu.BondarevTK.Sprint1.Task4.V3.Test.csproj", "{7835FF71-44DC-487B-AAB6-A2C4BED7890C}"
EndProject
Project("{9A19103F-16F7-4668-BE54-9A1E7A4F7556}") = "Tyuiu.BondarevTK.Sprint1.Task4.V3.Lib", "Tyuiu.BondarevTK.Sprint1.Task4.V3.Lib\Tyuiu.BondarevTK.Sprint1.Task4.V3.Lib.csproj", "{2CF7216F-FC03-4F2D-909F-11BC4C26EC67}"
EndProject
Project("{2150E333-8FDC-42A3-9474-1A3956D46DE8}") = "Task5", "Task5", "{C239F1C9-7781-4D10-B91B-A56CF03DA9FE}"
EndProject
Project("{9A19103F-16F7-4668-BE54-9A1E7A4F7556}") = "Tyuiu.BondarevTK.Sprint1.Task5.V7", "Tyuiu.BondarevTK.Sprint1.Task5.V7\Tyuiu.BondarevTK.Sprint1.Task5.V7.csproj", "{073EFD34-4412-4F11-9474-4CBB7E01800A}"
EndProject
Project("{9A19103F-16F7-4668-BE54-9A1E7A4F7556}") = "Tyuiu.BondarevTK.Sprint1.Task5.V7.Lib", "Tyuiu.BondarevTK.Sprint1.Task5.V7.Lib\Tyuiu.BondarevTK.Sprint1.Task5.V7.Lib.csproj", "{93D5AA35-20D4-401B-BBD2-C9BC22AC0136}"
EndProject
Project("{9A19103F-16F7-4668-BE54-9A1E7A4F7556}") = "Tyuiu.BondarevTK.Sprint1.Task5.V7.Test", "Tyuiu.BondarevTK.Sprint1.Task5.V7.Test\Tyuiu.BondarevTK.Sprint1.Task5.V7.Test.csproj", "{200B370A-01FC-44E5-A0AA-B4B0EB2053EA}"
EndProject
Project("{2150E333-8FDC-42A3-9474-1A3956D46DE8}") = "Task6", "Task6", "{22694795-4668-4826-AB56-117E8FCDF3C9}"
EndProject
Project("{9A19103F-16F7-4668-BE54-9A1E7A4F7556}") = "Tyuiu.BondarevTK.Sprint1.Task6.V17", "Tyuiu.BondarevTK.Sprint1.Task6.V17\Tyuiu.BondarevTK.Sprint1.Task6.V17.csproj", "{3F7D732A-6037-47AC-AC80-BFF2D8D05726}"
EndProject
Project("{9A19103F-16F7-4668-BE54-9A1E7A4F7556}") = "Tyuiu.BondarevTK.Sprint1.Task6.V17.Test", "Tyuiu.BondarevTK.Sprint1.Task6.V17.Test\Tyuiu.BondarevTK.Sprint1.Task6.V17.Test.csproj", "{A4798365-2F78-430E-B301-DB3542542CCB}"
EndProject
Project("{9A19103F-16F7-4668-BE54-9A1E7A4F7556}") = "Tyuiu.BondarevTK.Sprint1.Task6.V17.Lib", "Tyuiu.BondarevTK.Sprint1.Task6.V17.Lib\Tyuiu.BondarevTK.Sprint1.Task6.V17.Lib.csproj", "{FE66A382-10C9-48E6-B414-45D4ACF21934}"
EndProject
Project("{2150E333-8FDC-42A3-9474-1A3956D46DE8}") = "Task7", "Task7", "{59BA8CED-49CD-4B5D-ABDB-8A8816E7D03A}"
EndProject
Project("{FAE04EC0-301F-11D3-BF4B-00C04F79EFBC}") = "Tyuiu.BondarevTK.Sprint1.Task7.V26", "Tyuiu.BondarevTK.Sprint1.Task7.V26\Tyuiu.BondarevTK.Sprint1.Task7.V26.csproj", "{CFDAD605-6C5F-451F-B71C-A03CBC75F7A6}"
EndProject
Project("{FAE04EC0-301F-11D3-BF4B-00C04F79EFBC}") = "Tyuiu.BondarevTK.Sprint1.Task7.V26.Lib", "Tyuiu.BondarevTK.Sprint1.Task7.V26.Lib\Tyuiu.BondarevTK.Sprint1.Task7.V26.Lib.csproj", "{AA838DDC-074B-4D51-97AB-6C77AE8CF3E9}"
EndProject
Project("{FAE04EC0-301F-11D3-BF4B-00C04F79EFBC}") = "Tyuiu.BondarevTK.Sprint1.Task7.V26.Test", "Tyuiu.BondarevTK.Sprint1.Task7.V26.Test\Tyuiu.BondarevTK.Sprint1.Task7.V26.Test.csproj", "{C2D1AA17-5F25-4986-881E-AB45B8CA96D5}"
EndProject
Global
	GlobalSection(SolutionConfigurationPlatforms) = preSolution
		Debug|Any CPU = Debug|Any CPU
		Release|Any CPU = Release|Any CPU
	EndGlobalSection
	GlobalSection(ProjectConfigurationPlatforms) = postSolution
		{A281F4D8-05D3-4F5D-85F1-7D1539659CD3}.Debug|Any CPU.ActiveCfg = Debug|Any CPU
		{A281F4D8-05D3-4F5D-85F1-7D1539659CD3}.Debug|Any CPU.Build.0 = Debug|Any CPU
		{A281F4D8-05D3-4F5D-85F1-7D1539659CD3}.Release|Any CPU.ActiveCfg = Release|Any CPU
		{A281F4D8-05D3-4F5D-85F1-7D1539659CD3}.Release|Any CPU.Build.0 = Release|Any CPU
		{B618B5B1-8FFD-4594-95FA-407B591809EB}.Debug|Any CPU.ActiveCfg = Debug|Any CPU
		{B618B5B1-8FFD-4594-95FA-407B591809EB}.Debug|Any CPU.Build.0 = Debug|Any CPU
		{B618B5B1-8FFD-4594-95FA-407B591809EB}.Release|Any CPU.ActiveCfg = Release|Any CPU
		{B618B5B1-8FFD-4594-95FA-407B591809EB}.Release|Any CPU.Build.0 = Release|Any CPU
		{EA161F9B-C1AD-4AC5-B838-66B4B6FF2D59}.Debug|Any CPU.ActiveCfg = Debug|Any CPU
		{EA161F9B-C1AD-4AC5-B838-66B4B6FF2D59}.Debug|Any CPU.Build.0 = Debug|Any CPU
		{EA161F9B-C1AD-4AC5-B838-66B4B6FF2D59}.Release|Any CPU.ActiveCfg = Release|Any CPU
		{EA161F9B-C1AD-4AC5-B838-66B4B6FF2D59}.Release|Any CPU.Build.0 = Release|Any CPU
		{2F100B62-35DD-444C-A77A-7D9CB25F47FA}.Debug|Any CPU.ActiveCfg = Debug|Any CPU
		{2F100B62-35DD-444C-A77A-7D9CB25F47FA}.Debug|Any CPU.Build.0 = Debug|Any CPU
		{2F100B62-35DD-444C-A77A-7D9CB25F47FA}.Release|Any CPU.ActiveCfg = Release|Any CPU
		{2F100B62-35DD-444C-A77A-7D9CB25F47FA}.Release|Any CPU.Build.0 = Release|Any CPU
		{6AB57128-10F5-4D05-98DC-23CAE3DA4311}.Debug|Any CPU.ActiveCfg = Debug|Any CPU
		{6AB57128-10F5-4D05-98DC-23CAE3DA4311}.Debug|Any CPU.Build.0 = Debug|Any CPU
		{6AB57128-10F5-4D05-98DC-23CAE3DA4311}.Release|Any CPU.ActiveCfg = Release|Any CPU
		{6AB57128-10F5-4D05-98DC-23CAE3DA4311}.Release|Any CPU.Build.0 = Release|Any CPU
		{225E3904-BAD9-47A7-9B2E-B7DDE839FD72}.Debug|Any CPU.ActiveCfg = Debug|Any CPU
		{225E3904-BAD9-47A7-9B2E-B7DDE839FD72}.Debug|Any CPU.Build.0 = Debug|Any CPU
		{225E3904-BAD9-47A7-9B2E-B7DDE839FD72}.Release|Any CPU.ActiveCfg = Release|Any CPU
		{225E3904-BAD9-47A7-9B2E-B7DDE839FD72}.Release|Any CPU.Build.0 = Release|Any CPU
		{88C59B11-FFC9-403D-879E-0C8A167E1D74}.Debug|Any CPU.ActiveCfg = Debug|Any CPU
		{88C59B11-FFC9-403D-879E-0C8A167E1D74}.Debug|Any CPU.Build.0 = Debug|Any CPU
		{88C59B11-FFC9-403D-879E-0C8A167E1D74}.Release|Any CPU.ActiveCfg = Release|Any CPU
		{88C59B11-FFC9-403D-879E-0C8A167E1D74}.Release|Any CPU.Build.0 = Release|Any CPU
		{484A5E57-ABD1-47E2-A45D-3365421C00BE}.Debug|Any CPU.ActiveCfg = Debug|Any CPU
		{484A5E57-ABD1-47E2-A45D-3365421C00BE}.Debug|Any CPU.Build.0 = Debug|Any CPU
		{484A5E57-ABD1-47E2-A45D-3365421C00BE}.Release|Any CPU.ActiveCfg = Release|Any CPU
		{484A5E57-ABD1-47E2-A45D-3365421C00BE}.Release|Any CPU.Build.0 = Release|Any CPU
		{D54C17F7-09C7-4654-8BA5-042190CD4EDB}.Debug|Any CPU.ActiveCfg = Debug|Any CPU
		{D54C17F7-09C7-4654-8BA5-042190CD4EDB}.Debug|Any CPU.Build.0 = Debug|Any CPU
		{D54C17F7-09C7-4654-8BA5-042190CD4EDB}.Release|Any CPU.ActiveCfg = Release|Any CPU
		{D54C17F7-09C7-4654-8BA5-042190CD4EDB}.Release|Any CPU.Build.0 = Release|Any CPU
		{5047CB60-8406-40A3-B980-D5A0462F427E}.Debug|Any CPU.ActiveCfg = Debug|Any CPU
		{5047CB60-8406-40A3-B980-D5A0462F427E}.Debug|Any CPU.Build.0 = Debug|Any CPU
		{5047CB60-8406-40A3-B980-D5A0462F427E}.Release|Any CPU.ActiveCfg = Release|Any CPU
		{5047CB60-8406-40A3-B980-D5A0462F427E}.Release|Any CPU.Build.0 = Release|Any CPU
		{92B0BD75-2AD1-42EA-B75B-156F41255073}.Debug|Any CPU.ActiveCfg = Debug|Any CPU
		{92B0BD75-2AD1-42EA-B75B-156F41255073}.Debug|Any CPU.Build.0 = Debug|Any CPU
		{92B0BD75-2AD1-42EA-B75B-156F41255073}.Release|Any CPU.ActiveCfg = Release|Any CPU
		{92B0BD75-2AD1-42EA-B75B-156F41255073}.Release|Any CPU.Build.0 = Release|Any CPU
		{F724E360-6CB7-433B-A89F-C6AFA0EE50F2}.Debug|Any CPU.ActiveCfg = Debug|Any CPU
		{F724E360-6CB7-433B-A89F-C6AFA0EE50F2}.Debug|Any CPU.Build.0 = Debug|Any CPU
		{F724E360-6CB7-433B-A89F-C6AFA0EE50F2}.Release|Any CPU.ActiveCfg = Release|Any CPU
		{F724E360-6CB7-433B-A89F-C6AFA0EE50F2}.Release|Any CPU.Build.0 = Release|Any CPU
		{8BF58BCF-0DB4-4CEE-A734-9BA3F5E33991}.Debug|Any CPU.ActiveCfg = Debug|Any CPU
		{8BF58BCF-0DB4-4CEE-A734-9BA3F5E33991}.Debug|Any CPU.Build.0 = Debug|Any CPU
		{8BF58BCF-0DB4-4CEE-A734-9BA3F5E33991}.Release|Any CPU.ActiveCfg = Release|Any CPU
		{8BF58BCF-0DB4-4CEE-A734-9BA3F5E33991}.Release|Any CPU.Build.0 = Release|Any CPU
		{7835FF71-44DC-487B-AAB6-A2C4BED7890C}.Debug|Any CPU.ActiveCfg = Debug|Any CPU
		{7835FF71-44DC-487B-AAB6-A2C4BED7890C}.Debug|Any CPU.Build.0 = Debug|Any CPU
		{7835FF71-44DC-487B-AAB6-A2C4BED7890C}.Release|Any CPU.ActiveCfg = Release|Any CPU
		{7835FF71-44DC-487B-AAB6-A2C4BED7890C}.Release|Any CPU.Build.0 = Release|Any CPU
		{2CF7216F-FC03-4F2D-909F-11BC4C26EC67}.Debug|Any CPU.ActiveCfg = Debug|Any CPU
		{2CF7216F-FC03-4F2D-909F-11BC4C26EC67}.Debug|Any CPU.Build.0 = Debug|Any CPU
		{2CF7216F-FC03-4F2D-909F-11BC4C26EC67}.Release|Any CPU.ActiveCfg = Release|Any CPU
		{2CF7216F-FC03-4F2D-909F-11BC4C26EC67}.Release|Any CPU.Build.0 = Release|Any CPU
		{073EFD34-4412-4F11-9474-4CBB7E01800A}.Debug|Any CPU.ActiveCfg = Debug|Any CPU
		{073EFD34-4412-4F11-9474-4CBB7E01800A}.Debug|Any CPU.Build.0 = Debug|Any CPU
		{073EFD34-4412-4F11-9474-4CBB7E01800A}.Release|Any CPU.ActiveCfg = Release|Any CPU
		{073EFD34-4412-4F11-9474-4CBB7E01800A}.Release|Any CPU.Build.0 = Release|Any CPU
		{93D5AA35-20D4-401B-BBD2-C9BC22AC0136}.Debug|Any CPU.ActiveCfg = Debug|Any CPU
		{93D5AA35-20D4-401B-BBD2-C9BC22AC0136}.Debug|Any CPU.Build.0 = Debug|Any CPU
		{93D5AA35-20D4-401B-BBD2-C9BC22AC0136}.Release|Any CPU.ActiveCfg = Release|Any CPU
		{93D5AA35-20D4-401B-BBD2-C9BC22AC0136}.Release|Any CPU.Build.0 = Release|Any CPU
		{200B370A-01FC-44E5-A0AA-B4B0EB2053EA}.Debug|Any CPU.ActiveCfg = Debug|Any CPU
		{200B370A-01FC-44E5-A0AA-B4B0EB2053EA}.Debug|Any CPU.Build.0 = Debug|Any CPU
		{200B370A-01FC-44E5-A0AA-B4B0EB2053EA}.Release|Any CPU.ActiveCfg = Release|Any CPU
		{200B370A-01FC-44E5-A0AA-B4B0EB2053EA}.Release|Any CPU.Build.0 = Release|Any CPU
		{3F7D732A-6037-47AC-AC80-BFF2D8D05726}.Debug|Any CPU.ActiveCfg = Debug|Any CPU
		{3F7D732A-6037-47AC-AC80-BFF2D8D05726}.Debug|Any CPU.Build.0 = Debug|Any CPU
		{3F7D732A-6037-47AC-AC80-BFF2D8D05726}.Release|Any CPU.ActiveCfg = Release|Any CPU
		{3F7D732A-6037-47AC-AC80-BFF2D8D05726}.Release|Any CPU.Build.0 = Release|Any CPU
		{A4798365-2F78-430E-B301-DB3542542CCB}.Debug|Any CPU.ActiveCfg = Debug|Any CPU
		{A4798365-2F78-430E-B301-DB3542542CCB}.Debug|Any CPU.Build.0 = Debug|Any CPU
		{A4798365-2F78-430E-B301-DB3542542CCB}.Release|Any CPU.ActiveCfg = Release|Any CPU
		{A4798365-2F78-430E-B301-DB3542542CCB}.Release|Any CPU.Build.0 = Release|Any CPU
		{FE66A382-10C9-48E6-B414-45D4ACF21934}.Debug|Any CPU.ActiveCfg = Debug|Any CPU
		{FE66A382-10C9-48E6-B414-45D4ACF21934}.Debug|Any CPU.Build.0 = Debug|Any CPU
		{FE66A382-10C9-48E6-B414-45D4ACF21934}.Release|Any CPU.ActiveCfg = Release|Any CPU
		{FE66A382-10C9-48E6-B414-45D4ACF21934}.Release|Any CPU.Build.0 = Release|Any CPU
		{CFDAD605-6C5F-451F-B71C-A03CBC75F7A6}.Debug|Any CPU.ActiveCfg = Debug|Any CPU
		{CFDAD605-6C5F-451F-B71C-A03CBC75F7A6}.Debug|Any CPU.Build.0 = Debug|Any CPU
		{CFDAD605-6C5F-451F-B71C-A03CBC75F7A6}.Release|Any CPU.ActiveCfg = Release|Any CPU
		{CFDAD605-6C5F-451F-B71C-A03CBC75F7A6}.Release|Any CPU.Build.0 = Release|Any CPU
		{AA838DDC-074B-4D51-97AB-6C77AE8CF3E9}.Debug|Any CPU.ActiveCfg = Debug|Any CPU
		{AA838DDC-074B-4D51-97AB-6C77AE8CF3E9}.Debug|Any CPU.Build.0 = Debug|Any CPU
		{AA838DDC-074B-4D51-97AB-6C77AE8CF3E9}.Release|Any CPU.ActiveCfg = Release|Any CPU
		{AA838DDC-074B-4D51-97AB-6C77AE8CF3E9}.Release|Any CPU.Build.0 = Release|Any CPU
		{C2D1AA17-5F25-4986-881E-AB45B8CA96D5}.Debug|Any CPU.ActiveCfg = Debug|Any CPU
		{C2D1AA17-5F25-4986-881E-AB45B8CA96D5}.Debug|Any CPU.Build.0 = Debug|Any CPU
		{C2D1AA17-5F25-4986-881E-AB45B8CA96D5}.Release|Any CPU.ActiveCfg = Release|Any CPU
		{C2D1AA17-5F25-4986-881E-AB45B8CA96D5}.Release|Any CPU.Build.0 = Release|Any CPU
	EndGlobalSection
	GlobalSection(SolutionProperties) = preSolution
		HideSolutionNode = FALSE
	EndGlobalSection
	GlobalSection(NestedProjects) = preSolution
		{A281F4D8-05D3-4F5D-85F1-7D1539659CD3} = {97877F99-A969-4621-A824-202F100A195D}
		{B618B5B1-8FFD-4594-95FA-407B591809EB} = {97877F99-A969-4621-A824-202F100A195D}
		{EA161F9B-C1AD-4AC5-B838-66B4B6FF2D59} = {97877F99-A969-4621-A824-202F100A195D}
		{2F100B62-35DD-444C-A77A-7D9CB25F47FA} = {A78C2AF7-A63B-4CE1-8F69-B410DD77B8C4}
		{6AB57128-10F5-4D05-98DC-23CAE3DA4311} = {A78C2AF7-A63B-4CE1-8F69-B410DD77B8C4}
		{225E3904-BAD9-47A7-9B2E-B7DDE839FD72} = {A78C2AF7-A63B-4CE1-8F69-B410DD77B8C4}
		{88C59B11-FFC9-403D-879E-0C8A167E1D74} = {C445C184-AE58-4858-8C1C-BF5CC86FA23C}
		{484A5E57-ABD1-47E2-A45D-3365421C00BE} = {C445C184-AE58-4858-8C1C-BF5CC86FA23C}
		{D54C17F7-09C7-4654-8BA5-042190CD4EDB} = {C445C184-AE58-4858-8C1C-BF5CC86FA23C}
		{5047CB60-8406-40A3-B980-D5A0462F427E} = {AC93B86C-45BF-4FE6-A84F-8EB176CDC0AD}
		{92B0BD75-2AD1-42EA-B75B-156F41255073} = {AC93B86C-45BF-4FE6-A84F-8EB176CDC0AD}
		{F724E360-6CB7-433B-A89F-C6AFA0EE50F2} = {AC93B86C-45BF-4FE6-A84F-8EB176CDC0AD}
		{8BF58BCF-0DB4-4CEE-A734-9BA3F5E33991} = {D3993683-C6F2-4B69-A4BA-7987EEE6E6C9}
		{7835FF71-44DC-487B-AAB6-A2C4BED7890C} = {D3993683-C6F2-4B69-A4BA-7987EEE6E6C9}
		{2CF7216F-FC03-4F2D-909F-11BC4C26EC67} = {D3993683-C6F2-4B69-A4BA-7987EEE6E6C9}
		{073EFD34-4412-4F11-9474-4CBB7E01800A} = {C239F1C9-7781-4D10-B91B-A56CF03DA9FE}
		{93D5AA35-20D4-401B-BBD2-C9BC22AC0136} = {C239F1C9-7781-4D10-B91B-A56CF03DA9FE}
		{200B370A-01FC-44E5-A0AA-B4B0EB2053EA} = {C239F1C9-7781-4D10-B91B-A56CF03DA9FE}
		{3F7D732A-6037-47AC-AC80-BFF2D8D05726} = {22694795-4668-4826-AB56-117E8FCDF3C9}
		{A4798365-2F78-430E-B301-DB3542542CCB} = {22694795-4668-4826-AB56-117E8FCDF3C9}
		{FE66A382-10C9-48E6-B414-45D4ACF21934} = {22694795-4668-4826-AB56-117E8FCDF3C9}
		{CFDAD605-6C5F-451F-B71C-A03CBC75F7A6} = {59BA8CED-49CD-4B5D-ABDB-8A8816E7D03A}
		{AA838DDC-074B-4D51-97AB-6C77AE8CF3E9} = {59BA8CED-49CD-4B5D-ABDB-8A8816E7D03A}
		{C2D1AA17-5F25-4986-881E-AB45B8CA96D5} = {59BA8CED-49CD-4B5D-ABDB-8A8816E7D03A}
	EndGlobalSection
	GlobalSection(ExtensibilityGlobals) = postSolution
		SolutionGuid = {BD894D93-FEC9-413B-9099-E283914227F0}
	EndGlobalSection
EndGlobal
